
Microsoft Visual Studio Solution File, Format Version 12.00
# Visual Studio Version 16
VisualStudioVersion = 16.0.31321.278
MinimumVisualStudioVersion = 10.0.40219.1
Project("{FAE04EC0-301F-11D3-BF4B-00C04F79EFBC}") = "Fundoo", "Fundoo\Fundoo.csproj", "{BDB93442-F183-4BD3-A733-E0B4BCF1FC73}"
EndProject
Project("{FAE04EC0-301F-11D3-BF4B-00C04F79EFBC}") = "BusinessLAyer", "BusinessLAyer\BusinessLAyer.csproj", "{333BBD16-7C5C-4C6F-9E90-1FF7C83EF0B2}"
EndProject
Project("{FAE04EC0-301F-11D3-BF4B-00C04F79EFBC}") = "CommanLayer", "CommanLayer\CommanLayer.csproj", "{312B268F-51BC-461B-96BA-2C5E84067550}"
EndProject
Project("{FAE04EC0-301F-11D3-BF4B-00C04F79EFBC}") = "RepositoryLayer", "RepositoryLayer\RepositoryLayer.csproj", "{AE3130FA-583C-43DC-8B6C-71FB63386DC8}"
EndProject
Global
	GlobalSection(SolutionConfigurationPlatforms) = preSolution
		Debug|Any CPU = Debug|Any CPU
		Release|Any CPU = Release|Any CPU
	EndGlobalSection
	GlobalSection(ProjectConfigurationPlatforms) = postSolution
		{BDB93442-F183-4BD3-A733-E0B4BCF1FC73}.Debug|Any CPU.ActiveCfg = Debug|Any CPU
		{BDB93442-F183-4BD3-A733-E0B4BCF1FC73}.Debug|Any CPU.Build.0 = Debug|Any CPU
		{BDB93442-F183-4BD3-A733-E0B4BCF1FC73}.Release|Any CPU.ActiveCfg = Release|Any CPU
		{BDB93442-F183-4BD3-A733-E0B4BCF1FC73}.Release|Any CPU.Build.0 = Release|Any CPU
		{333BBD16-7C5C-4C6F-9E90-1FF7C83EF0B2}.Debug|Any CPU.ActiveCfg = Debug|Any CPU
		{333BBD16-7C5C-4C6F-9E90-1FF7C83EF0B2}.Debug|Any CPU.Build.0 = Debug|Any CPU
		{333BBD16-7C5C-4C6F-9E90-1FF7C83EF0B2}.Release|Any CPU.ActiveCfg = Release|Any CPU
		{333BBD16-7C5C-4C6F-9E90-1FF7C83EF0B2}.Release|Any CPU.Build.0 = Release|Any CPU
		{312B268F-51BC-461B-96BA-2C5E84067550}.Debug|Any CPU.ActiveCfg = Debug|Any CPU
		{312B268F-51BC-461B-96BA-2C5E84067550}.Debug|Any CPU.Build.0 = Debug|Any CPU
		{312B268F-51BC-461B-96BA-2C5E84067550}.Release|Any CPU.ActiveCfg = Release|Any CPU
		{312B268F-51BC-461B-96BA-2C5E84067550}.Release|Any CPU.Build.0 = Release|Any CPU
		{AE3130FA-583C-43DC-8B6C-71FB63386DC8}.Debug|Any CPU.ActiveCfg = Debug|Any CPU
		{AE3130FA-583C-43DC-8B6C-71FB63386DC8}.Debug|Any CPU.Build.0 = Debug|Any CPU
		{AE3130FA-583C-43DC-8B6C-71FB63386DC8}.Release|Any CPU.ActiveCfg = Release|Any CPU
		{AE3130FA-583C-43DC-8B6C-71FB63386DC8}.Release|Any CPU.Build.0 = Release|Any CPU
	EndGlobalSection
	GlobalSection(SolutionProperties) = preSolution
		HideSolutionNode = FALSE
	EndGlobalSection
	GlobalSection(ExtensibilityGlobals) = postSolution
		SolutionGuid = {0F1DDF5A-70DD-4F7B-BEBB-170951A09604}
	EndGlobalSection
EndGlobal
